// !$*UTF8*$!
{
	archiveVersion = 1;
	classes = {
	};
	objectVersion = 46;
	objects = {

/* Begin PBXBuildFile section */
		04C2A8447CB7B2FA344AEC1234B5E444 /* mmthombe2018-dummy.m in Sources */ = {isa = PBXBuildFile; fileRef = 9C430377CDE8B93867DB9D5AFE7318E7 /* mmthombe2018-dummy.m */; };
		051A816D6DD0CAE13496DDCFE0829167 /* UIImage+Diff.h in Headers */ = {isa = PBXBuildFile; fileRef = 85E250EF19C5B5671AEC10BEB508D087 /* UIImage+Diff.h */; settings = {ATTRIBUTES = (Private, ); }; };
		094973D2D2F1E3B2E772F93C8147C6B9 /* UIApplication+StrictKeyWindow.m in Sources */ = {isa = PBXBuildFile; fileRef = 2EECE81A9AEC1ED1057A9C3C88DBCEBE /* UIApplication+StrictKeyWindow.m */; };
		18EA4E0D8B74F2B2BBF8F39B49F49BF9 /* XCTest.framework in Frameworks */ = {isa = PBXBuildFile; fileRef = E7843C520ED7D11392D872D57034A1BC /* XCTest.framework */; };
		1AB7934C16CE49DE196FFC7BE7278287 /* SwiftSupport.swift in Sources */ = {isa = PBXBuildFile; fileRef = D97545C39C4A5EE2631DD9FFECE76A40 /* SwiftSupport.swift */; };
		1E70165669E8455DA508A7E1ACCB410B /* Pods-mmthombe2018_Tests-umbrella.h in Headers */ = {isa = PBXBuildFile; fileRef = E9F6CF2AEC8BB437D908535319D7BA50 /* Pods-mmthombe2018_Tests-umbrella.h */; settings = {ATTRIBUTES = (Public, ); }; };
		2C71DD09D0D8445536238420214585E7 /* Pods-mmthombe2018_Tests-dummy.m in Sources */ = {isa = PBXBuildFile; fileRef = 2F658DB03EFBCE48246998A85E7D88FF /* Pods-mmthombe2018_Tests-dummy.m */; };
		2F485B69F51E4F723A38410F31F08550 /* FBSnapshotTestController.h in Headers */ = {isa = PBXBuildFile; fileRef = 1374B79237CAC07693E99442FBED1F15 /* FBSnapshotTestController.h */; settings = {ATTRIBUTES = (Public, ); }; };
		35DD05FD595A6FE7F5A0692D12E319DC /* UIImage+Diff.m in Sources */ = {isa = PBXBuildFile; fileRef = B9CEF7D6C5E08AB80E58DABC75D882BC /* UIImage+Diff.m */; };
		421CDD701AEE0F2458A84200366CDD0F /* UIImage+Snapshot.h in Headers */ = {isa = PBXBuildFile; fileRef = 0B161931541BFE46DFEA2092EDDDA815 /* UIImage+Snapshot.h */; settings = {ATTRIBUTES = (Private, ); }; };
		47DEE95708BDBD11436162D166CD192E /* UIKit.framework in Frameworks */ = {isa = PBXBuildFile; fileRef = BBB6A925DF90E5500E7BDCC094FEBEA7 /* UIKit.framework */; };
		506D761F91EC3583789A837C559972FE /* FBSnapshotTestCase-dummy.m in Sources */ = {isa = PBXBuildFile; fileRef = 4792533D7EE0F440EE722DA4999E845C /* FBSnapshotTestCase-dummy.m */; };
		5BC12F69E33ABA27B9E0B78128CE336D /* QuartzCore.framework in Frameworks */ = {isa = PBXBuildFile; fileRef = D77B07CA7D221E3EC46B93C00BF37CDE /* QuartzCore.framework */; };
		64A4378A56CFD3B04EB56CB02A63FEDC /* Foundation.framework in Frameworks */ = {isa = PBXBuildFile; fileRef = C1A94602875A48A997AD3F08A33E6EAA /* Foundation.framework */; };
		69DA8B003216466C60F029CBD79897F1 /* UIImage+Compare.m in Sources */ = {isa = PBXBuildFile; fileRef = 3B5E22F9517F21D3A0251F88FCAB281E /* UIImage+Compare.m */; };
		756564ABAF2892FE7140C92A1CDDCF65 /* UIImage+Snapshot.m in Sources */ = {isa = PBXBuildFile; fileRef = 3DBFBDCC891B770A2AC9EF0FB164B751 /* UIImage+Snapshot.m */; };
		921E2370FA8F483113722E64F9C2DE4D /* Pods-mmthombe2018_Example-dummy.m in Sources */ = {isa = PBXBuildFile; fileRef = 56EA472CC4A1A209F8A8690A8AEFA1C4 /* Pods-mmthombe2018_Example-dummy.m */; };
		9673CF780F48C8E4EC2A331717B1F67C /* FBSnapshotTestCase.h in Headers */ = {isa = PBXBuildFile; fileRef = E37899BD4B349060AA147E2A3721D3A2 /* FBSnapshotTestCase.h */; settings = {ATTRIBUTES = (Public, ); }; };
		A4F69F3477A935285620AC3031C5C848 /* FBSnapshotTestController.m in Sources */ = {isa = PBXBuildFile; fileRef = 052258A488A96C35531FAC73C4F42924 /* FBSnapshotTestController.m */; };
		B758FB09FE2C06C1B8E36A71A9D76D41 /* FBSnapshotTestCase-umbrella.h in Headers */ = {isa = PBXBuildFile; fileRef = A11D5B54955E3381F067364E427B571A /* FBSnapshotTestCase-umbrella.h */; settings = {ATTRIBUTES = (Public, ); }; };
		BC952FC04FC963C1294DCD619C9B6B3B /* UIApplication+StrictKeyWindow.h in Headers */ = {isa = PBXBuildFile; fileRef = B9109B8B333B5A1A3E92EFC09EDC10AC /* UIApplication+StrictKeyWindow.h */; settings = {ATTRIBUTES = (Project, ); }; };
		BE14F2198CDB0DAD98A567981D21C7A1 /* FBSnapshotTestCase.m in Sources */ = {isa = PBXBuildFile; fileRef = 39577E2B806B8B2D019998DE60728F63 /* FBSnapshotTestCase.m */; };
		BFCE460CC33E8872B7156D4166340178 /* FBSnapshotTestCasePlatform.h in Headers */ = {isa = PBXBuildFile; fileRef = 7E3DB4D092B985E76E227F7F313C6981 /* FBSnapshotTestCasePlatform.h */; settings = {ATTRIBUTES = (Public, ); }; };
		C3E92716ED2485706FDA159E11963A96 /* ReplaceMe.swift in Sources */ = {isa = PBXBuildFile; fileRef = 24491E032278F2FD611EE2EA17062036 /* ReplaceMe.swift */; };
		C9BC1D74D00483E23A491AE0B10FCB9D /* Foundation.framework in Frameworks */ = {isa = PBXBuildFile; fileRef = C1A94602875A48A997AD3F08A33E6EAA /* Foundation.framework */; };
		CAFA5E486BCE117A7D8C0FBF9DA6666B /* UIImage+Compare.h in Headers */ = {isa = PBXBuildFile; fileRef = 432938111B6FF0189EFFEDF2F845B308 /* UIImage+Compare.h */; settings = {ATTRIBUTES = (Private, ); }; };
		D9C56B8D5497D7B3A84F99D217A5008E /* Pods-mmthombe2018_Example-umbrella.h in Headers */ = {isa = PBXBuildFile; fileRef = 5BE750E66EB0B9DB0BE5EA5694861019 /* Pods-mmthombe2018_Example-umbrella.h */; settings = {ATTRIBUTES = (Public, ); }; };
		DA7CBCCA6BEC517F48E70465527F283D /* mmthombe2018-umbrella.h in Headers */ = {isa = PBXBuildFile; fileRef = AC5B402561D988ACC5270EDCB6BD5785 /* mmthombe2018-umbrella.h */; settings = {ATTRIBUTES = (Public, ); }; };
		DA82892E2170E5AC00ACE919 /* article.xcdatamodeld in Sources */ = {isa = PBXBuildFile; fileRef = DA82892C2170E5AC00ACE919 /* article.xcdatamodeld */; };
		DAD9A0E0F40D3984B78A22F8D3CDAB45 /* Foundation.framework in Frameworks */ = {isa = PBXBuildFile; fileRef = C1A94602875A48A997AD3F08A33E6EAA /* Foundation.framework */; };
		DB7A106243AC974FC7EBEB00B506C786 /* FBSnapshotTestCasePlatform.m in Sources */ = {isa = PBXBuildFile; fileRef = 58A2557E7CE20AACCD1B28B1CD1F920D /* FBSnapshotTestCasePlatform.m */; };
		F4C932976F4152109809DABA415E2199 /* Foundation.framework in Frameworks */ = {isa = PBXBuildFile; fileRef = C1A94602875A48A997AD3F08A33E6EAA /* Foundation.framework */; };
/* End PBXBuildFile section */

/* Begin PBXContainerItemProxy section */
		239D1232ED17E7DB52D11712FEC5499C /* PBXContainerItemProxy */ = {
			isa = PBXContainerItemProxy;
			containerPortal = D41D8CD98F00B204E9800998ECF8427E /* Project object */;
			proxyType = 1;
			remoteGlobalIDString = 34CD2E3428AB802BACA62286FF5074B1;
			remoteInfo = FBSnapshotTestCase;
		};
		5A0F8C138C55494954FEB7B856E39E82 /* PBXContainerItemProxy */ = {
			isa = PBXContainerItemProxy;
			containerPortal = D41D8CD98F00B204E9800998ECF8427E /* Project object */;
			proxyType = 1;
			remoteGlobalIDString = 168E88CFDC7C9113316B48F766BA820D;
			remoteInfo = mmthombe2018;
		};
		69FAAFAD7ACC6745D9C49A2B5529A9D2 /* PBXContainerItemProxy */ = {
			isa = PBXContainerItemProxy;
			containerPortal = D41D8CD98F00B204E9800998ECF8427E /* Project object */;
			proxyType = 1;
			remoteGlobalIDString = C8FB8540012965BD3FDA1E168F1CE75E;
			remoteInfo = "Pods-mmthombe2018_Example";
		};
/* End PBXContainerItemProxy section */

/* Begin PBXFileReference section */
		026B0BB490406EB3324E982CBEE50A2C /* mmthombe2018-prefix.pch */ = {isa = PBXFileReference; includeInIndex = 1; lastKnownFileType = sourcecode.c.h; path = "mmthombe2018-prefix.pch"; sourceTree = "<group>"; };
		029E7AE7B60433C514C41528EBB163F0 /* Pods-mmthombe2018_Example-acknowledgements.plist */ = {isa = PBXFileReference; includeInIndex = 1; lastKnownFileType = text.plist.xml; path = "Pods-mmthombe2018_Example-acknowledgements.plist"; sourceTree = "<group>"; };
		052258A488A96C35531FAC73C4F42924 /* FBSnapshotTestController.m */ = {isa = PBXFileReference; includeInIndex = 1; lastKnownFileType = sourcecode.c.objc; name = FBSnapshotTestController.m; path = FBSnapshotTestCase/FBSnapshotTestController.m; sourceTree = "<group>"; };
		056F91D636B44B90CF6605EC63CCDDCC /* Pods-mmthombe2018_Example-acknowledgements.markdown */ = {isa = PBXFileReference; includeInIndex = 1; lastKnownFileType = text; path = "Pods-mmthombe2018_Example-acknowledgements.markdown"; sourceTree = "<group>"; };
		073F36E34F55F9406B4CCD5A66AD0907 /* Pods-mmthombe2018_Tests-acknowledgements.markdown */ = {isa = PBXFileReference; includeInIndex = 1; lastKnownFileType = text; path = "Pods-mmthombe2018_Tests-acknowledgements.markdown"; sourceTree = "<group>"; };
		095457A39E1854C2DF6FE7A84F5CA04A /* FBSnapshotTestCase.framework */ = {isa = PBXFileReference; explicitFileType = wrapper.framework; includeInIndex = 0; path = FBSnapshotTestCase.framework; sourceTree = BUILT_PRODUCTS_DIR; };
		0B161931541BFE46DFEA2092EDDDA815 /* UIImage+Snapshot.h */ = {isa = PBXFileReference; includeInIndex = 1; lastKnownFileType = sourcecode.c.h; name = "UIImage+Snapshot.h"; path = "FBSnapshotTestCase/Categories/UIImage+Snapshot.h"; sourceTree = "<group>"; };
		1374B79237CAC07693E99442FBED1F15 /* FBSnapshotTestController.h */ = {isa = PBXFileReference; includeInIndex = 1; lastKnownFileType = sourcecode.c.h; name = FBSnapshotTestController.h; path = FBSnapshotTestCase/FBSnapshotTestController.h; sourceTree = "<group>"; };
		1FE55C57E1370FC23AE35C7C76EBDA52 /* Pods_mmthombe2018_Example.framework */ = {isa = PBXFileReference; explicitFileType = wrapper.framework; includeInIndex = 0; path = Pods_mmthombe2018_Example.framework; sourceTree = BUILT_PRODUCTS_DIR; };
		24491E032278F2FD611EE2EA17062036 /* ReplaceMe.swift */ = {isa = PBXFileReference; includeInIndex = 1; lastKnownFileType = sourcecode.swift; name = ReplaceMe.swift; path = mmthombe2018/Classes/ReplaceMe.swift; sourceTree = "<group>"; };
		260DBE7BF1DDC4B1D8ABB21B9AF9987A /* Pods_mmthombe2018_Tests.framework */ = {isa = PBXFileReference; explicitFileType = wrapper.framework; includeInIndex = 0; path = Pods_mmthombe2018_Tests.framework; sourceTree = BUILT_PRODUCTS_DIR; };
		2EECE81A9AEC1ED1057A9C3C88DBCEBE /* UIApplication+StrictKeyWindow.m */ = {isa = PBXFileReference; includeInIndex = 1; lastKnownFileType = sourcecode.c.objc; name = "UIApplication+StrictKeyWindow.m"; path = "FBSnapshotTestCase/Categories/UIApplication+StrictKeyWindow.m"; sourceTree = "<group>"; };
		2F658DB03EFBCE48246998A85E7D88FF /* Pods-mmthombe2018_Tests-dummy.m */ = {isa = PBXFileReference; includeInIndex = 1; lastKnownFileType = sourcecode.c.objc; path = "Pods-mmthombe2018_Tests-dummy.m"; sourceTree = "<group>"; };
		30294EC5F0F8F69D2194615B4ABAFF22 /* Pods-mmthombe2018_Tests.debug.xcconfig */ = {isa = PBXFileReference; includeInIndex = 1; lastKnownFileType = text.xcconfig; path = "Pods-mmthombe2018_Tests.debug.xcconfig"; sourceTree = "<group>"; };
		34AAD67634B4F9EA0F29556597E83E02 /* Info.plist */ = {isa = PBXFileReference; includeInIndex = 1; lastKnownFileType = text.plist.xml; path = Info.plist; sourceTree = "<group>"; };
		39577E2B806B8B2D019998DE60728F63 /* FBSnapshotTestCase.m */ = {isa = PBXFileReference; includeInIndex = 1; lastKnownFileType = sourcecode.c.objc; name = FBSnapshotTestCase.m; path = FBSnapshotTestCase/FBSnapshotTestCase.m; sourceTree = "<group>"; };
		3B5E22F9517F21D3A0251F88FCAB281E /* UIImage+Compare.m */ = {isa = PBXFileReference; includeInIndex = 1; lastKnownFileType = sourcecode.c.objc; name = "UIImage+Compare.m"; path = "FBSnapshotTestCase/Categories/UIImage+Compare.m"; sourceTree = "<group>"; };
		3DBFBDCC891B770A2AC9EF0FB164B751 /* UIImage+Snapshot.m */ = {isa = PBXFileReference; includeInIndex = 1; lastKnownFileType = sourcecode.c.objc; name = "UIImage+Snapshot.m"; path = "FBSnapshotTestCase/Categories/UIImage+Snapshot.m"; sourceTree = "<group>"; };
		432938111B6FF0189EFFEDF2F845B308 /* UIImage+Compare.h */ = {isa = PBXFileReference; includeInIndex = 1; lastKnownFileType = sourcecode.c.h; name = "UIImage+Compare.h"; path = "FBSnapshotTestCase/Categories/UIImage+Compare.h"; sourceTree = "<group>"; };
		4792533D7EE0F440EE722DA4999E845C /* FBSnapshotTestCase-dummy.m */ = {isa = PBXFileReference; includeInIndex = 1; lastKnownFileType = sourcecode.c.objc; path = "FBSnapshotTestCase-dummy.m"; sourceTree = "<group>"; };
		4E67AA133A97207DF186ED3AE28444A0 /* Pods-mmthombe2018_Example.modulemap */ = {isa = PBXFileReference; includeInIndex = 1; lastKnownFileType = sourcecode.module; path = "Pods-mmthombe2018_Example.modulemap"; sourceTree = "<group>"; };
		55B43485A736D6DFBBB5D1E28EB5B193 /* mmthombe2018.podspec */ = {isa = PBXFileReference; explicitFileType = text.script.ruby; includeInIndex = 1; path = mmthombe2018.podspec; sourceTree = "<group>"; xcLanguageSpecificationIdentifier = xcode.lang.ruby; };
		56EA472CC4A1A209F8A8690A8AEFA1C4 /* Pods-mmthombe2018_Example-dummy.m */ = {isa = PBXFileReference; includeInIndex = 1; lastKnownFileType = sourcecode.c.objc; path = "Pods-mmthombe2018_Example-dummy.m"; sourceTree = "<group>"; };
		58A2557E7CE20AACCD1B28B1CD1F920D /* FBSnapshotTestCasePlatform.m */ = {isa = PBXFileReference; includeInIndex = 1; lastKnownFileType = sourcecode.c.objc; name = FBSnapshotTestCasePlatform.m; path = FBSnapshotTestCase/FBSnapshotTestCasePlatform.m; sourceTree = "<group>"; };
		5BE750E66EB0B9DB0BE5EA5694861019 /* Pods-mmthombe2018_Example-umbrella.h */ = {isa = PBXFileReference; includeInIndex = 1; lastKnownFileType = sourcecode.c.h; path = "Pods-mmthombe2018_Example-umbrella.h"; sourceTree = "<group>"; };
		6423C691429F49F546BAFFBB4499BCF8 /* Info.plist */ = {isa = PBXFileReference; includeInIndex = 1; lastKnownFileType = text.plist.xml; path = Info.plist; sourceTree = "<group>"; };
		67E276593855381568F725E69496F29C /* Info.plist */ = {isa = PBXFileReference; includeInIndex = 1; lastKnownFileType = text.plist.xml; path = Info.plist; sourceTree = "<group>"; };
		6BB255856809E352BB5032A476B5CCAA /* Pods-mmthombe2018_Example.release.xcconfig */ = {isa = PBXFileReference; includeInIndex = 1; lastKnownFileType = text.xcconfig; path = "Pods-mmthombe2018_Example.release.xcconfig"; sourceTree = "<group>"; };
		7B37D7C695D5C6C47A7C093595CD4F06 /* FBSnapshotTestCase.xcconfig */ = {isa = PBXFileReference; includeInIndex = 1; lastKnownFileType = text.xcconfig; path = FBSnapshotTestCase.xcconfig; sourceTree = "<group>"; };
		7E3DB4D092B985E76E227F7F313C6981 /* FBSnapshotTestCasePlatform.h */ = {isa = PBXFileReference; includeInIndex = 1; lastKnownFileType = sourcecode.c.h; name = FBSnapshotTestCasePlatform.h; path = FBSnapshotTestCase/FBSnapshotTestCasePlatform.h; sourceTree = "<group>"; };
		7E973B238B51369FA0A85298CF5918E0 /* LICENSE */ = {isa = PBXFileReference; includeInIndex = 1; lastKnownFileType = text; path = LICENSE; sourceTree = "<group>"; };
		846D632B39B5140FEE3BF41A53A56AED /* Pods-mmthombe2018_Example.debug.xcconfig */ = {isa = PBXFileReference; includeInIndex = 1; lastKnownFileType = text.xcconfig; path = "Pods-mmthombe2018_Example.debug.xcconfig"; sourceTree = "<group>"; };
		85E250EF19C5B5671AEC10BEB508D087 /* UIImage+Diff.h */ = {isa = PBXFileReference; includeInIndex = 1; lastKnownFileType = sourcecode.c.h; name = "UIImage+Diff.h"; path = "FBSnapshotTestCase/Categories/UIImage+Diff.h"; sourceTree = "<group>"; };
		8A7E776341BF60F858979404EA5E423B /* Pods-mmthombe2018_Tests-frameworks.sh */ = {isa = PBXFileReference; includeInIndex = 1; lastKnownFileType = text.script.sh; path = "Pods-mmthombe2018_Tests-frameworks.sh"; sourceTree = "<group>"; };
		93A4A3777CF96A4AAC1D13BA6DCCEA73 /* Podfile */ = {isa = PBXFileReference; explicitFileType = text.script.ruby; includeInIndex = 1; name = Podfile; path = ../Podfile; sourceTree = SOURCE_ROOT; xcLanguageSpecificationIdentifier = xcode.lang.ruby; };
		9AC076A32BD7606E4D5EE9B65CD041B3 /* mmthombe2018.xcconfig */ = {isa = PBXFileReference; includeInIndex = 1; lastKnownFileType = text.xcconfig; path = mmthombe2018.xcconfig; sourceTree = "<group>"; };
		9C430377CDE8B93867DB9D5AFE7318E7 /* mmthombe2018-dummy.m */ = {isa = PBXFileReference; includeInIndex = 1; lastKnownFileType = sourcecode.c.objc; path = "mmthombe2018-dummy.m"; sourceTree = "<group>"; };
		A11D5B54955E3381F067364E427B571A /* FBSnapshotTestCase-umbrella.h */ = {isa = PBXFileReference; includeInIndex = 1; lastKnownFileType = sourcecode.c.h; path = "FBSnapshotTestCase-umbrella.h"; sourceTree = "<group>"; };
		AC5B402561D988ACC5270EDCB6BD5785 /* mmthombe2018-umbrella.h */ = {isa = PBXFileReference; includeInIndex = 1; lastKnownFileType = sourcecode.c.h; path = "mmthombe2018-umbrella.h"; sourceTree = "<group>"; };
		B5AF064E4990A10EAB339DC6B5F70F75 /* Pods-mmthombe2018_Tests-acknowledgements.plist */ = {isa = PBXFileReference; includeInIndex = 1; lastKnownFileType = text.plist.xml; path = "Pods-mmthombe2018_Tests-acknowledgements.plist"; sourceTree = "<group>"; };
		B9109B8B333B5A1A3E92EFC09EDC10AC /* UIApplication+StrictKeyWindow.h */ = {isa = PBXFileReference; includeInIndex = 1; lastKnownFileType = sourcecode.c.h; name = "UIApplication+StrictKeyWindow.h"; path = "FBSnapshotTestCase/Categories/UIApplication+StrictKeyWindow.h"; sourceTree = "<group>"; };
		B9CEF7D6C5E08AB80E58DABC75D882BC /* UIImage+Diff.m */ = {isa = PBXFileReference; includeInIndex = 1; lastKnownFileType = sourcecode.c.objc; name = "UIImage+Diff.m"; path = "FBSnapshotTestCase/Categories/UIImage+Diff.m"; sourceTree = "<group>"; };
		BBB6A925DF90E5500E7BDCC094FEBEA7 /* UIKit.framework */ = {isa = PBXFileReference; lastKnownFileType = wrapper.framework; name = UIKit.framework; path = Platforms/iPhoneOS.platform/Developer/SDKs/iPhoneOS11.3.sdk/System/Library/Frameworks/UIKit.framework; sourceTree = DEVELOPER_DIR; };
		BD60DA37DAE786CEEA5B5E1842F37FA3 /* Info.plist */ = {isa = PBXFileReference; includeInIndex = 1; lastKnownFileType = text.plist.xml; path = Info.plist; sourceTree = "<group>"; };
		BFAE8E9E450865A0524C3DF927FE35F5 /* Pods-mmthombe2018_Example-resources.sh */ = {isa = PBXFileReference; includeInIndex = 1; lastKnownFileType = text.script.sh; path = "Pods-mmthombe2018_Example-resources.sh"; sourceTree = "<group>"; };
		C1A94602875A48A997AD3F08A33E6EAA /* Foundation.framework */ = {isa = PBXFileReference; lastKnownFileType = wrapper.framework; name = Foundation.framework; path = Platforms/iPhoneOS.platform/Developer/SDKs/iPhoneOS11.3.sdk/System/Library/Frameworks/Foundation.framework; sourceTree = DEVELOPER_DIR; };
		D77B07CA7D221E3EC46B93C00BF37CDE /* QuartzCore.framework */ = {isa = PBXFileReference; lastKnownFileType = wrapper.framework; name = QuartzCore.framework; path = Platforms/iPhoneOS.platform/Developer/SDKs/iPhoneOS11.3.sdk/System/Library/Frameworks/QuartzCore.framework; sourceTree = DEVELOPER_DIR; };
		D97545C39C4A5EE2631DD9FFECE76A40 /* SwiftSupport.swift */ = {isa = PBXFileReference; includeInIndex = 1; lastKnownFileType = sourcecode.swift; name = SwiftSupport.swift; path = FBSnapshotTestCase/SwiftSupport.swift; sourceTree = "<group>"; };
		DA4D6334C1BEB284F139B4F9B1DFF8F3 /* Pods-mmthombe2018_Example-frameworks.sh */ = {isa = PBXFileReference; includeInIndex = 1; lastKnownFileType = text.script.sh; path = "Pods-mmthombe2018_Example-frameworks.sh"; sourceTree = "<group>"; };
		DA82892D2170E5AC00ACE919 /* article.xcdatamodel */ = {isa = PBXFileReference; lastKnownFileType = wrapper.xcdatamodel; path = article.xcdatamodel; sourceTree = "<group>"; };
		DE4B265D1754B795F2843BA09CF39716 /* mmthombe2018.framework */ = {isa = PBXFileReference; explicitFileType = wrapper.framework; includeInIndex = 0; path = mmthombe2018.framework; sourceTree = BUILT_PRODUCTS_DIR; };
		DF8D49853A5E399458BE96D72D5886F0 /* README.md */ = {isa = PBXFileReference; includeInIndex = 1; lastKnownFileType = net.daringfireball.markdown; path = README.md; sourceTree = "<group>"; };
		E00F8AAD6BFF096F5043C641C7007FF3 /* Pods-mmthombe2018_Tests-resources.sh */ = {isa = PBXFileReference; includeInIndex = 1; lastKnownFileType = text.script.sh; path = "Pods-mmthombe2018_Tests-resources.sh"; sourceTree = "<group>"; };
		E37899BD4B349060AA147E2A3721D3A2 /* FBSnapshotTestCase.h */ = {isa = PBXFileReference; includeInIndex = 1; lastKnownFileType = sourcecode.c.h; name = FBSnapshotTestCase.h; path = FBSnapshotTestCase/FBSnapshotTestCase.h; sourceTree = "<group>"; };
		E7843C520ED7D11392D872D57034A1BC /* XCTest.framework */ = {isa = PBXFileReference; lastKnownFileType = wrapper.framework; name = XCTest.framework; path = Platforms/iPhoneOS.platform/Developer/SDKs/iPhoneOS11.3.sdk/System/Library/Frameworks/XCTest.framework; sourceTree = DEVELOPER_DIR; };
		E80E69DEBFC7FEEFB0B59DC6EB4576C4 /* Pods-mmthombe2018_Tests.modulemap */ = {isa = PBXFileReference; includeInIndex = 1; lastKnownFileType = sourcecode.module; path = "Pods-mmthombe2018_Tests.modulemap"; sourceTree = "<group>"; };
		E9F6CF2AEC8BB437D908535319D7BA50 /* Pods-mmthombe2018_Tests-umbrella.h */ = {isa = PBXFileReference; includeInIndex = 1; lastKnownFileType = sourcecode.c.h; path = "Pods-mmthombe2018_Tests-umbrella.h"; sourceTree = "<group>"; };
		EF519A026B10AC73ABBE6E658308B29D /* FBSnapshotTestCase-prefix.pch */ = {isa = PBXFileReference; includeInIndex = 1; lastKnownFileType = sourcecode.c.h; path = "FBSnapshotTestCase-prefix.pch"; sourceTree = "<group>"; };
		F10CBDEE32E5F6BDECFB3D41F7DD0B03 /* FBSnapshotTestCase.modulemap */ = {isa = PBXFileReference; includeInIndex = 1; lastKnownFileType = sourcecode.module; path = FBSnapshotTestCase.modulemap; sourceTree = "<group>"; };
		F6AF1001910678706D277D64705B14F3 /* mmthombe2018.modulemap */ = {isa = PBXFileReference; includeInIndex = 1; lastKnownFileType = sourcecode.module; path = mmthombe2018.modulemap; sourceTree = "<group>"; };
		F86EB895DB71FBCA42B1CDA0AE384F49 /* Pods-mmthombe2018_Tests.release.xcconfig */ = {isa = PBXFileReference; includeInIndex = 1; lastKnownFileType = text.xcconfig; path = "Pods-mmthombe2018_Tests.release.xcconfig"; sourceTree = "<group>"; };
/* End PBXFileReference section */

/* Begin PBXFrameworksBuildPhase section */
		1D421A30A1BDB7E1C4216F64D0C939B1 /* Frameworks */ = {
			isa = PBXFrameworksBuildPhase;
			buildActionMask = 2147483647;
			files = (
				DAD9A0E0F40D3984B78A22F8D3CDAB45 /* Foundation.framework in Frameworks */,
				5BC12F69E33ABA27B9E0B78128CE336D /* QuartzCore.framework in Frameworks */,
				47DEE95708BDBD11436162D166CD192E /* UIKit.framework in Frameworks */,
				18EA4E0D8B74F2B2BBF8F39B49F49BF9 /* XCTest.framework in Frameworks */,
			);
			runOnlyForDeploymentPostprocessing = 0;
		};
		3ED72B92E220E208CD16FF521A96F0A9 /* Frameworks */ = {
			isa = PBXFrameworksBuildPhase;
			buildActionMask = 2147483647;
			files = (
				C9BC1D74D00483E23A491AE0B10FCB9D /* Foundation.framework in Frameworks */,
			);
			runOnlyForDeploymentPostprocessing = 0;
		};
		D19164A46ED7E6F03DC2FD856E8BD75F /* Frameworks */ = {
			isa = PBXFrameworksBuildPhase;
			buildActionMask = 2147483647;
			files = (
				64A4378A56CFD3B04EB56CB02A63FEDC /* Foundation.framework in Frameworks */,
			);
			runOnlyForDeploymentPostprocessing = 0;
		};
		FD451DEA624143E172652002D28945F1 /* Frameworks */ = {
			isa = PBXFrameworksBuildPhase;
			buildActionMask = 2147483647;
			files = (
				F4C932976F4152109809DABA415E2199 /* Foundation.framework in Frameworks */,
			);
			runOnlyForDeploymentPostprocessing = 0;
		};
/* End PBXFrameworksBuildPhase section */

/* Begin PBXGroup section */
		08DF6600FB7B362AC6126B3127C03AA3 /* Development Pods */ = {
			isa = PBXGroup;
			children = (
				A5FDFF527CDE5BA6ACDEF9040F4C81D4 /* mmthombe2018 */,
			);
			name = "Development Pods";
			sourceTree = "<group>";
		};
		14B8B9B15ECBE87983FF987239AB2D7B /* Frameworks */ = {
			isa = PBXGroup;
			children = (
				3EB1A8839A654B1F16EF9E6F67243337 /* iOS */,
			);
			name = Frameworks;
			sourceTree = "<group>";
		};
		1B1070B247755C7A07002ABE878DF861 /* Pods-mmthombe2018_Tests */ = {
			isa = PBXGroup;
			children = (
				34AAD67634B4F9EA0F29556597E83E02 /* Info.plist */,
				E80E69DEBFC7FEEFB0B59DC6EB4576C4 /* Pods-mmthombe2018_Tests.modulemap */,
				073F36E34F55F9406B4CCD5A66AD0907 /* Pods-mmthombe2018_Tests-acknowledgements.markdown */,
				B5AF064E4990A10EAB339DC6B5F70F75 /* Pods-mmthombe2018_Tests-acknowledgements.plist */,
				2F658DB03EFBCE48246998A85E7D88FF /* Pods-mmthombe2018_Tests-dummy.m */,
				8A7E776341BF60F858979404EA5E423B /* Pods-mmthombe2018_Tests-frameworks.sh */,
				E00F8AAD6BFF096F5043C641C7007FF3 /* Pods-mmthombe2018_Tests-resources.sh */,
				E9F6CF2AEC8BB437D908535319D7BA50 /* Pods-mmthombe2018_Tests-umbrella.h */,
				30294EC5F0F8F69D2194615B4ABAFF22 /* Pods-mmthombe2018_Tests.debug.xcconfig */,
				F86EB895DB71FBCA42B1CDA0AE384F49 /* Pods-mmthombe2018_Tests.release.xcconfig */,
			);
			name = "Pods-mmthombe2018_Tests";
			path = "Target Support Files/Pods-mmthombe2018_Tests";
			sourceTree = "<group>";
		};
		1EE94C1087640280341F96A48A7E43C0 /* Pod */ = {
			isa = PBXGroup;
			children = (
				7E973B238B51369FA0A85298CF5918E0 /* LICENSE */,
				55B43485A736D6DFBBB5D1E28EB5B193 /* mmthombe2018.podspec */,
				DF8D49853A5E399458BE96D72D5886F0 /* README.md */,
			);
			name = Pod;
			sourceTree = "<group>";
		};
		2287B5EBEAA3C332F8DB9A1E61F5B097 /* FBSnapshotTestCase */ = {
			isa = PBXGroup;
			children = (
				F35791481CAFDD8E7715AE1B44687328 /* Core */,
				3288FCB8E15F6401DE6220AE5CA1D27B /* Support Files */,
				99E46DD4AB2256791F111C718CB0EEF8 /* SwiftSupport */,
			);
			path = FBSnapshotTestCase;
			sourceTree = "<group>";
		};
		3288FCB8E15F6401DE6220AE5CA1D27B /* Support Files */ = {
			isa = PBXGroup;
			children = (
				F10CBDEE32E5F6BDECFB3D41F7DD0B03 /* FBSnapshotTestCase.modulemap */,
				7B37D7C695D5C6C47A7C093595CD4F06 /* FBSnapshotTestCase.xcconfig */,
				4792533D7EE0F440EE722DA4999E845C /* FBSnapshotTestCase-dummy.m */,
				EF519A026B10AC73ABBE6E658308B29D /* FBSnapshotTestCase-prefix.pch */,
				A11D5B54955E3381F067364E427B571A /* FBSnapshotTestCase-umbrella.h */,
				67E276593855381568F725E69496F29C /* Info.plist */,
			);
			name = "Support Files";
			path = "../Target Support Files/FBSnapshotTestCase";
			sourceTree = "<group>";
		};
		3EB1A8839A654B1F16EF9E6F67243337 /* iOS */ = {
			isa = PBXGroup;
			children = (
				C1A94602875A48A997AD3F08A33E6EAA /* Foundation.framework */,
				D77B07CA7D221E3EC46B93C00BF37CDE /* QuartzCore.framework */,
				BBB6A925DF90E5500E7BDCC094FEBEA7 /* UIKit.framework */,
				E7843C520ED7D11392D872D57034A1BC /* XCTest.framework */,
			);
			name = iOS;
			sourceTree = "<group>";
		};
		4B86D55B71E078D1CF2A22F63D819EFD /* Products */ = {
			isa = PBXGroup;
			children = (
				095457A39E1854C2DF6FE7A84F5CA04A /* FBSnapshotTestCase.framework */,
				DE4B265D1754B795F2843BA09CF39716 /* mmthombe2018.framework */,
				1FE55C57E1370FC23AE35C7C76EBDA52 /* Pods_mmthombe2018_Example.framework */,
				260DBE7BF1DDC4B1D8ABB21B9AF9987A /* Pods_mmthombe2018_Tests.framework */,
			);
			name = Products;
			sourceTree = "<group>";
		};
		7DB346D0F39D3F0E887471402A8071AB = {
			isa = PBXGroup;
			children = (
				DA82892C2170E5AC00ACE919 /* article.xcdatamodeld */,
				93A4A3777CF96A4AAC1D13BA6DCCEA73 /* Podfile */,
				08DF6600FB7B362AC6126B3127C03AA3 /* Development Pods */,
				14B8B9B15ECBE87983FF987239AB2D7B /* Frameworks */,
				FBD2D672921284E66F309CA3462F84D6 /* Pods */,
				4B86D55B71E078D1CF2A22F63D819EFD /* Products */,
				D1E97577774A59C2EBEA3BCF8719DA81 /* Targets Support Files */,
			);
			sourceTree = "<group>";
		};
		99E46DD4AB2256791F111C718CB0EEF8 /* SwiftSupport */ = {
			isa = PBXGroup;
			children = (
				D97545C39C4A5EE2631DD9FFECE76A40 /* SwiftSupport.swift */,
			);
			name = SwiftSupport;
			sourceTree = "<group>";
		};
		A5FDFF527CDE5BA6ACDEF9040F4C81D4 /* mmthombe2018 */ = {
			isa = PBXGroup;
			children = (
				24491E032278F2FD611EE2EA17062036 /* ReplaceMe.swift */,
				1EE94C1087640280341F96A48A7E43C0 /* Pod */,
				D5C4265C479655E6F63C2B1799FF987A /* Support Files */,
			);
			name = mmthombe2018;
			path = ../..;
			sourceTree = "<group>";
		};
		D1E66D3A932F5689A886F1F9628F9AB4 /* Pods-mmthombe2018_Example */ = {
			isa = PBXGroup;
			children = (
				6423C691429F49F546BAFFBB4499BCF8 /* Info.plist */,
				4E67AA133A97207DF186ED3AE28444A0 /* Pods-mmthombe2018_Example.modulemap */,
				056F91D636B44B90CF6605EC63CCDDCC /* Pods-mmthombe2018_Example-acknowledgements.markdown */,
				029E7AE7B60433C514C41528EBB163F0 /* Pods-mmthombe2018_Example-acknowledgements.plist */,
				56EA472CC4A1A209F8A8690A8AEFA1C4 /* Pods-mmthombe2018_Example-dummy.m */,
				DA4D6334C1BEB284F139B4F9B1DFF8F3 /* Pods-mmthombe2018_Example-frameworks.sh */,
				BFAE8E9E450865A0524C3DF927FE35F5 /* Pods-mmthombe2018_Example-resources.sh */,
				5BE750E66EB0B9DB0BE5EA5694861019 /* Pods-mmthombe2018_Example-umbrella.h */,
				846D632B39B5140FEE3BF41A53A56AED /* Pods-mmthombe2018_Example.debug.xcconfig */,
				6BB255856809E352BB5032A476B5CCAA /* Pods-mmthombe2018_Example.release.xcconfig */,
			);
			name = "Pods-mmthombe2018_Example";
			path = "Target Support Files/Pods-mmthombe2018_Example";
			sourceTree = "<group>";
		};
		D1E97577774A59C2EBEA3BCF8719DA81 /* Targets Support Files */ = {
			isa = PBXGroup;
			children = (
				D1E66D3A932F5689A886F1F9628F9AB4 /* Pods-mmthombe2018_Example */,
				1B1070B247755C7A07002ABE878DF861 /* Pods-mmthombe2018_Tests */,
			);
			name = "Targets Support Files";
			sourceTree = "<group>";
		};
		D5C4265C479655E6F63C2B1799FF987A /* Support Files */ = {
			isa = PBXGroup;
			children = (
				BD60DA37DAE786CEEA5B5E1842F37FA3 /* Info.plist */,
				F6AF1001910678706D277D64705B14F3 /* mmthombe2018.modulemap */,
				9AC076A32BD7606E4D5EE9B65CD041B3 /* mmthombe2018.xcconfig */,
				9C430377CDE8B93867DB9D5AFE7318E7 /* mmthombe2018-dummy.m */,
				026B0BB490406EB3324E982CBEE50A2C /* mmthombe2018-prefix.pch */,
				AC5B402561D988ACC5270EDCB6BD5785 /* mmthombe2018-umbrella.h */,
			);
			name = "Support Files";
			path = "Example/Pods/Target Support Files/mmthombe2018";
			sourceTree = "<group>";
		};
		F35791481CAFDD8E7715AE1B44687328 /* Core */ = {
			isa = PBXGroup;
			children = (
				E37899BD4B349060AA147E2A3721D3A2 /* FBSnapshotTestCase.h */,
				39577E2B806B8B2D019998DE60728F63 /* FBSnapshotTestCase.m */,
				7E3DB4D092B985E76E227F7F313C6981 /* FBSnapshotTestCasePlatform.h */,
				58A2557E7CE20AACCD1B28B1CD1F920D /* FBSnapshotTestCasePlatform.m */,
				1374B79237CAC07693E99442FBED1F15 /* FBSnapshotTestController.h */,
				052258A488A96C35531FAC73C4F42924 /* FBSnapshotTestController.m */,
				B9109B8B333B5A1A3E92EFC09EDC10AC /* UIApplication+StrictKeyWindow.h */,
				2EECE81A9AEC1ED1057A9C3C88DBCEBE /* UIApplication+StrictKeyWindow.m */,
				432938111B6FF0189EFFEDF2F845B308 /* UIImage+Compare.h */,
				3B5E22F9517F21D3A0251F88FCAB281E /* UIImage+Compare.m */,
				85E250EF19C5B5671AEC10BEB508D087 /* UIImage+Diff.h */,
				B9CEF7D6C5E08AB80E58DABC75D882BC /* UIImage+Diff.m */,
				0B161931541BFE46DFEA2092EDDDA815 /* UIImage+Snapshot.h */,
				3DBFBDCC891B770A2AC9EF0FB164B751 /* UIImage+Snapshot.m */,
			);
			name = Core;
			sourceTree = "<group>";
		};
		FBD2D672921284E66F309CA3462F84D6 /* Pods */ = {
			isa = PBXGroup;
			children = (
				2287B5EBEAA3C332F8DB9A1E61F5B097 /* FBSnapshotTestCase */,
			);
			name = Pods;
			sourceTree = "<group>";
		};
/* End PBXGroup section */

/* Begin PBXHeadersBuildPhase section */
		5C23D3CBD4816771D2120841CF95C125 /* Headers */ = {
			isa = PBXHeadersBuildPhase;
			buildActionMask = 2147483647;
			files = (
				DA7CBCCA6BEC517F48E70465527F283D /* mmthombe2018-umbrella.h in Headers */,
			);
			runOnlyForDeploymentPostprocessing = 0;
		};
		9DC6F5AC11E37A1EB45C6473C9E800B6 /* Headers */ = {
			isa = PBXHeadersBuildPhase;
			buildActionMask = 2147483647;
			files = (
				B758FB09FE2C06C1B8E36A71A9D76D41 /* FBSnapshotTestCase-umbrella.h in Headers */,
				9673CF780F48C8E4EC2A331717B1F67C /* FBSnapshotTestCase.h in Headers */,
				BFCE460CC33E8872B7156D4166340178 /* FBSnapshotTestCasePlatform.h in Headers */,
				2F485B69F51E4F723A38410F31F08550 /* FBSnapshotTestController.h in Headers */,
				BC952FC04FC963C1294DCD619C9B6B3B /* UIApplication+StrictKeyWindow.h in Headers */,
				CAFA5E486BCE117A7D8C0FBF9DA6666B /* UIImage+Compare.h in Headers */,
				051A816D6DD0CAE13496DDCFE0829167 /* UIImage+Diff.h in Headers */,
				421CDD701AEE0F2458A84200366CDD0F /* UIImage+Snapshot.h in Headers */,
			);
			runOnlyForDeploymentPostprocessing = 0;
		};
		E51384B0CC9B1E5F3C77C668A4F8CEE9 /* Headers */ = {
			isa = PBXHeadersBuildPhase;
			buildActionMask = 2147483647;
			files = (
				1E70165669E8455DA508A7E1ACCB410B /* Pods-mmthombe2018_Tests-umbrella.h in Headers */,
			);
			runOnlyForDeploymentPostprocessing = 0;
		};
		EF7EA09F97E024979AAC5DAAD4E3EDC9 /* Headers */ = {
			isa = PBXHeadersBuildPhase;
			buildActionMask = 2147483647;
			files = (
				D9C56B8D5497D7B3A84F99D217A5008E /* Pods-mmthombe2018_Example-umbrella.h in Headers */,
			);
			runOnlyForDeploymentPostprocessing = 0;
		};
/* End PBXHeadersBuildPhase section */

/* Begin PBXNativeTarget section */
		168E88CFDC7C9113316B48F766BA820D /* mmthombe2018 */ = {
			isa = PBXNativeTarget;
			buildConfigurationList = EC5648F039480EE2C578E23FBAE5D429 /* Build configuration list for PBXNativeTarget "mmthombe2018" */;
			buildPhases = (
				F65E8C0CEEB0E11123E6419CE57EF7F6 /* Sources */,
				FD451DEA624143E172652002D28945F1 /* Frameworks */,
				5C23D3CBD4816771D2120841CF95C125 /* Headers */,
			);
			buildRules = (
			);
			dependencies = (
			);
			name = mmthombe2018;
			productName = mmthombe2018;
			productReference = DE4B265D1754B795F2843BA09CF39716 /* mmthombe2018.framework */;
			productType = "com.apple.product-type.framework";
		};
		34CD2E3428AB802BACA62286FF5074B1 /* FBSnapshotTestCase */ = {
			isa = PBXNativeTarget;
			buildConfigurationList = F28097D43AF5CD8DA838ABD52A053790 /* Build configuration list for PBXNativeTarget "FBSnapshotTestCase" */;
			buildPhases = (
				E2E80CCD063D04B57A1A5E140726E8A4 /* Sources */,
				1D421A30A1BDB7E1C4216F64D0C939B1 /* Frameworks */,
				9DC6F5AC11E37A1EB45C6473C9E800B6 /* Headers */,
			);
			buildRules = (
			);
			dependencies = (
			);
			name = FBSnapshotTestCase;
			productName = FBSnapshotTestCase;
			productReference = 095457A39E1854C2DF6FE7A84F5CA04A /* FBSnapshotTestCase.framework */;
			productType = "com.apple.product-type.framework";
		};
		C8FB8540012965BD3FDA1E168F1CE75E /* Pods-mmthombe2018_Example */ = {
			isa = PBXNativeTarget;
			buildConfigurationList = B895AE951C5424690B6FFA6825F7E17C /* Build configuration list for PBXNativeTarget "Pods-mmthombe2018_Example" */;
			buildPhases = (
				960F7AB3CF0F5D7254AE9A92F5C1188E /* Sources */,
				3ED72B92E220E208CD16FF521A96F0A9 /* Frameworks */,
				EF7EA09F97E024979AAC5DAAD4E3EDC9 /* Headers */,
			);
			buildRules = (
			);
			dependencies = (
				C7ACCFB5239D0D387F956ADBAC132F3C /* PBXTargetDependency */,
			);
			name = "Pods-mmthombe2018_Example";
			productName = "Pods-mmthombe2018_Example";
			productReference = 1FE55C57E1370FC23AE35C7C76EBDA52 /* Pods_mmthombe2018_Example.framework */;
			productType = "com.apple.product-type.framework";
		};
		DA583FF7385FA4E4202E4CAF1325F4C4 /* Pods-mmthombe2018_Tests */ = {
			isa = PBXNativeTarget;
			buildConfigurationList = 27FAF6C26F29C13CC82CFA6405E10B72 /* Build configuration list for PBXNativeTarget "Pods-mmthombe2018_Tests" */;
			buildPhases = (
				90BA9C09C0F6C26AEF1AAF05661800D4 /* Sources */,
				D19164A46ED7E6F03DC2FD856E8BD75F /* Frameworks */,
				E51384B0CC9B1E5F3C77C668A4F8CEE9 /* Headers */,
			);
			buildRules = (
			);
			dependencies = (
				84EF26862A208C1AEB785AB62712A46A /* PBXTargetDependency */,
				A9F64FC1DAF4E7D148A92451AD4FFFAB /* PBXTargetDependency */,
			);
			name = "Pods-mmthombe2018_Tests";
			productName = "Pods-mmthombe2018_Tests";
			productReference = 260DBE7BF1DDC4B1D8ABB21B9AF9987A /* Pods_mmthombe2018_Tests.framework */;
			productType = "com.apple.product-type.framework";
		};
/* End PBXNativeTarget section */

/* Begin PBXProject section */
		D41D8CD98F00B204E9800998ECF8427E /* Project object */ = {
			isa = PBXProject;
			attributes = {
				LastSwiftUpdateCheck = 0930;
				LastUpgradeCheck = 0930;
			};
			buildConfigurationList = 2D8E8EC45A3A1A1D94AE762CB5028504 /* Build configuration list for PBXProject "Pods" */;
			compatibilityVersion = "Xcode 3.2";
			developmentRegion = English;
			hasScannedForEncodings = 0;
			knownRegions = (
				en,
			);
			mainGroup = 7DB346D0F39D3F0E887471402A8071AB;
			productRefGroup = 4B86D55B71E078D1CF2A22F63D819EFD /* Products */;
			projectDirPath = "";
			projectRoot = "";
			targets = (
				34CD2E3428AB802BACA62286FF5074B1 /* FBSnapshotTestCase */,
				168E88CFDC7C9113316B48F766BA820D /* mmthombe2018 */,
				C8FB8540012965BD3FDA1E168F1CE75E /* Pods-mmthombe2018_Example */,
				DA583FF7385FA4E4202E4CAF1325F4C4 /* Pods-mmthombe2018_Tests */,
			);
		};
/* End PBXProject section */

/* Begin PBXSourcesBuildPhase section */
		90BA9C09C0F6C26AEF1AAF05661800D4 /* Sources */ = {
			isa = PBXSourcesBuildPhase;
			buildActionMask = 2147483647;
			files = (
				2C71DD09D0D8445536238420214585E7 /* Pods-mmthombe2018_Tests-dummy.m in Sources */,
			);
			runOnlyForDeploymentPostprocessing = 0;
		};
		960F7AB3CF0F5D7254AE9A92F5C1188E /* Sources */ = {
			isa = PBXSourcesBuildPhase;
			buildActionMask = 2147483647;
			files = (
				921E2370FA8F483113722E64F9C2DE4D /* Pods-mmthombe2018_Example-dummy.m in Sources */,
			);
			runOnlyForDeploymentPostprocessing = 0;
		};
		E2E80CCD063D04B57A1A5E140726E8A4 /* Sources */ = {
			isa = PBXSourcesBuildPhase;
			buildActionMask = 2147483647;
			files = (
				506D761F91EC3583789A837C559972FE /* FBSnapshotTestCase-dummy.m in Sources */,
				BE14F2198CDB0DAD98A567981D21C7A1 /* FBSnapshotTestCase.m in Sources */,
				DB7A106243AC974FC7EBEB00B506C786 /* FBSnapshotTestCasePlatform.m in Sources */,
				A4F69F3477A935285620AC3031C5C848 /* FBSnapshotTestController.m in Sources */,
				1AB7934C16CE49DE196FFC7BE7278287 /* SwiftSupport.swift in Sources */,
				094973D2D2F1E3B2E772F93C8147C6B9 /* UIApplication+StrictKeyWindow.m in Sources */,
				69DA8B003216466C60F029CBD79897F1 /* UIImage+Compare.m in Sources */,
				35DD05FD595A6FE7F5A0692D12E319DC /* UIImage+Diff.m in Sources */,
				DA82892E2170E5AC00ACE919 /* article.xcdatamodeld in Sources */,
				756564ABAF2892FE7140C92A1CDDCF65 /* UIImage+Snapshot.m in Sources */,
			);
			runOnlyForDeploymentPostprocessing = 0;
		};
		F65E8C0CEEB0E11123E6419CE57EF7F6 /* Sources */ = {
			isa = PBXSourcesBuildPhase;
			buildActionMask = 2147483647;
			files = (
				04C2A8447CB7B2FA344AEC1234B5E444 /* mmthombe2018-dummy.m in Sources */,
				C3E92716ED2485706FDA159E11963A96 /* ReplaceMe.swift in Sources */,
			);
			runOnlyForDeploymentPostprocessing = 0;
		};
/* End PBXSourcesBuildPhase section */

/* Begin PBXTargetDependency section */
		84EF26862A208C1AEB785AB62712A46A /* PBXTargetDependency */ = {
			isa = PBXTargetDependency;
			name = FBSnapshotTestCase;
			target = 34CD2E3428AB802BACA62286FF5074B1 /* FBSnapshotTestCase */;
			targetProxy = 239D1232ED17E7DB52D11712FEC5499C /* PBXContainerItemProxy */;
		};
		A9F64FC1DAF4E7D148A92451AD4FFFAB /* PBXTargetDependency */ = {
			isa = PBXTargetDependency;
			name = "Pods-mmthombe2018_Example";
			target = C8FB8540012965BD3FDA1E168F1CE75E /* Pods-mmthombe2018_Example */;
			targetProxy = 69FAAFAD7ACC6745D9C49A2B5529A9D2 /* PBXContainerItemProxy */;
		};
		C7ACCFB5239D0D387F956ADBAC132F3C /* PBXTargetDependency */ = {
			isa = PBXTargetDependency;
			name = mmthombe2018;
			target = 168E88CFDC7C9113316B48F766BA820D /* mmthombe2018 */;
			targetProxy = 5A0F8C138C55494954FEB7B856E39E82 /* PBXContainerItemProxy */;
		};
/* End PBXTargetDependency section */

/* Begin XCBuildConfiguration section */
		0C1B86CB3A72AE5F6E82B3C7F7F2CF40 /* Debug */ = {
			isa = XCBuildConfiguration;
			baseConfigurationReference = 9AC076A32BD7606E4D5EE9B65CD041B3 /* mmthombe2018.xcconfig */;
			buildSettings = {
				CODE_SIGN_IDENTITY = "";
				"CODE_SIGN_IDENTITY[sdk=appletvos*]" = "";
				"CODE_SIGN_IDENTITY[sdk=iphoneos*]" = "";
				"CODE_SIGN_IDENTITY[sdk=watchos*]" = "";
				CURRENT_PROJECT_VERSION = 1;
				DEFINES_MODULE = YES;
				DYLIB_COMPATIBILITY_VERSION = 1;
				DYLIB_CURRENT_VERSION = 1;
				DYLIB_INSTALL_NAME_BASE = "@rpath";
				GCC_PREFIX_HEADER = "Target Support Files/mmthombe2018/mmthombe2018-prefix.pch";
				INFOPLIST_FILE = "Target Support Files/mmthombe2018/Info.plist";
				INSTALL_PATH = "$(LOCAL_LIBRARY_DIR)/Frameworks";
				IPHONEOS_DEPLOYMENT_TARGET = 8.0;
				LD_RUNPATH_SEARCH_PATHS = "$(inherited) @executable_path/Frameworks @loader_path/Frameworks";
				MODULEMAP_FILE = "Target Support Files/mmthombe2018/mmthombe2018.modulemap";
				PRODUCT_MODULE_NAME = mmthombe2018;
				PRODUCT_NAME = mmthombe2018;
				SDKROOT = iphoneos;
				SKIP_INSTALL = YES;
				SWIFT_ACTIVE_COMPILATION_CONDITIONS = "$(inherited) ";
				SWIFT_OPTIMIZATION_LEVEL = "-Onone";
				SWIFT_VERSION = 4.0;
				TARGETED_DEVICE_FAMILY = "1,2";
				VERSIONING_SYSTEM = "apple-generic";
				VERSION_INFO_PREFIX = "";
			};
			name = Debug;
		};
		246CED37F175AF5E851C3839F63F9521 /* Debug */ = {
			isa = XCBuildConfiguration;
			baseConfigurationReference = 7B37D7C695D5C6C47A7C093595CD4F06 /* FBSnapshotTestCase.xcconfig */;
			buildSettings = {
				CODE_SIGN_IDENTITY = "";
				"CODE_SIGN_IDENTITY[sdk=appletvos*]" = "";
				"CODE_SIGN_IDENTITY[sdk=iphoneos*]" = "";
				"CODE_SIGN_IDENTITY[sdk=watchos*]" = "";
				CURRENT_PROJECT_VERSION = 1;
				DEFINES_MODULE = YES;
				DYLIB_COMPATIBILITY_VERSION = 1;
				DYLIB_CURRENT_VERSION = 1;
				DYLIB_INSTALL_NAME_BASE = "@rpath";
				GCC_PREFIX_HEADER = "Target Support Files/FBSnapshotTestCase/FBSnapshotTestCase-prefix.pch";
				INFOPLIST_FILE = "Target Support Files/FBSnapshotTestCase/Info.plist";
				INSTALL_PATH = "$(LOCAL_LIBRARY_DIR)/Frameworks";
				IPHONEOS_DEPLOYMENT_TARGET = 8.0;
				LD_RUNPATH_SEARCH_PATHS = "$(inherited) @executable_path/Frameworks @loader_path/Frameworks";
				MODULEMAP_FILE = "Target Support Files/FBSnapshotTestCase/FBSnapshotTestCase.modulemap";
				PRODUCT_MODULE_NAME = FBSnapshotTestCase;
				PRODUCT_NAME = FBSnapshotTestCase;
				SDKROOT = iphoneos;
				SKIP_INSTALL = YES;
				SWIFT_ACTIVE_COMPILATION_CONDITIONS = "$(inherited) ";
				SWIFT_OPTIMIZATION_LEVEL = "-Onone";
				SWIFT_VERSION = 4.0;
				TARGETED_DEVICE_FAMILY = "1,2";
				VERSIONING_SYSTEM = "apple-generic";
				VERSION_INFO_PREFIX = "";
			};
			name = Debug;
		};
		555B4DA59F40BF1B8837192292E024A5 /* Release */ = {
			isa = XCBuildConfiguration;
			baseConfigurationReference = F86EB895DB71FBCA42B1CDA0AE384F49 /* Pods-mmthombe2018_Tests.release.xcconfig */;
			buildSettings = {
				ALWAYS_EMBED_SWIFT_STANDARD_LIBRARIES = NO;
				CODE_SIGN_IDENTITY = "";
				"CODE_SIGN_IDENTITY[sdk=appletvos*]" = "";
				"CODE_SIGN_IDENTITY[sdk=iphoneos*]" = "";
				"CODE_SIGN_IDENTITY[sdk=watchos*]" = "";
				CURRENT_PROJECT_VERSION = 1;
				DEFINES_MODULE = YES;
				DYLIB_COMPATIBILITY_VERSION = 1;
				DYLIB_CURRENT_VERSION = 1;
				DYLIB_INSTALL_NAME_BASE = "@rpath";
				INFOPLIST_FILE = "Target Support Files/Pods-mmthombe2018_Tests/Info.plist";
				INSTALL_PATH = "$(LOCAL_LIBRARY_DIR)/Frameworks";
				IPHONEOS_DEPLOYMENT_TARGET = 9.3;
				LD_RUNPATH_SEARCH_PATHS = "$(inherited) @executable_path/Frameworks @loader_path/Frameworks";
				MACH_O_TYPE = staticlib;
				MODULEMAP_FILE = "Target Support Files/Pods-mmthombe2018_Tests/Pods-mmthombe2018_Tests.modulemap";
				OTHER_LDFLAGS = "";
				OTHER_LIBTOOLFLAGS = "";
				PODS_ROOT = "$(SRCROOT)";
				PRODUCT_BUNDLE_IDENTIFIER = "org.cocoapods.${PRODUCT_NAME:rfc1034identifier}";
				PRODUCT_NAME = "$(TARGET_NAME:c99extidentifier)";
				SDKROOT = iphoneos;
				SKIP_INSTALL = YES;
				SWIFT_OPTIMIZATION_LEVEL = "-Owholemodule";
				TARGETED_DEVICE_FAMILY = "1,2";
				VALIDATE_PRODUCT = YES;
				VERSIONING_SYSTEM = "apple-generic";
				VERSION_INFO_PREFIX = "";
			};
			name = Release;
		};
		7A56B70CB51C5542E62AD385E6289F1C /* Debug */ = {
			isa = XCBuildConfiguration;
			baseConfigurationReference = 846D632B39B5140FEE3BF41A53A56AED /* Pods-mmthombe2018_Example.debug.xcconfig */;
			buildSettings = {
				ALWAYS_EMBED_SWIFT_STANDARD_LIBRARIES = NO;
				CODE_SIGN_IDENTITY = "";
				"CODE_SIGN_IDENTITY[sdk=appletvos*]" = "";
				"CODE_SIGN_IDENTITY[sdk=iphoneos*]" = "";
				"CODE_SIGN_IDENTITY[sdk=watchos*]" = "";
				CURRENT_PROJECT_VERSION = 1;
				DEFINES_MODULE = YES;
				DYLIB_COMPATIBILITY_VERSION = 1;
				DYLIB_CURRENT_VERSION = 1;
				DYLIB_INSTALL_NAME_BASE = "@rpath";
				INFOPLIST_FILE = "Target Support Files/Pods-mmthombe2018_Example/Info.plist";
				INSTALL_PATH = "$(LOCAL_LIBRARY_DIR)/Frameworks";
				IPHONEOS_DEPLOYMENT_TARGET = 9.3;
				LD_RUNPATH_SEARCH_PATHS = "$(inherited) @executable_path/Frameworks @loader_path/Frameworks";
				MACH_O_TYPE = staticlib;
				MODULEMAP_FILE = "Target Support Files/Pods-mmthombe2018_Example/Pods-mmthombe2018_Example.modulemap";
				OTHER_LDFLAGS = "";
				OTHER_LIBTOOLFLAGS = "";
				PODS_ROOT = "$(SRCROOT)";
				PRODUCT_BUNDLE_IDENTIFIER = "org.cocoapods.${PRODUCT_NAME:rfc1034identifier}";
				PRODUCT_NAME = "$(TARGET_NAME:c99extidentifier)";
				SDKROOT = iphoneos;
				SKIP_INSTALL = YES;
				SWIFT_ACTIVE_COMPILATION_CONDITIONS = DEBUG;
				SWIFT_OPTIMIZATION_LEVEL = "-Onone";
				TARGETED_DEVICE_FAMILY = "1,2";
				VERSIONING_SYSTEM = "apple-generic";
				VERSION_INFO_PREFIX = "";
			};
			name = Debug;
		};
		8B33C5230DE4A9DFA6D8F46505DD7AF7 /* Debug */ = {
			isa = XCBuildConfiguration;
			buildSettings = {
				ALWAYS_SEARCH_USER_PATHS = NO;
				CLANG_ANALYZER_NONNULL = YES;
				CLANG_ANALYZER_NUMBER_OBJECT_CONVERSION = YES_AGGRESSIVE;
				CLANG_CXX_LANGUAGE_STANDARD = "gnu++14";
				CLANG_CXX_LIBRARY = "libc++";
				CLANG_ENABLE_MODULES = YES;
				CLANG_ENABLE_OBJC_ARC = YES;
				CLANG_ENABLE_OBJC_WEAK = YES;
				CLANG_WARN_BLOCK_CAPTURE_AUTORELEASING = YES;
				CLANG_WARN_BOOL_CONVERSION = YES;
				CLANG_WARN_COMMA = YES;
				CLANG_WARN_CONSTANT_CONVERSION = YES;
				CLANG_WARN_DEPRECATED_OBJC_IMPLEMENTATIONS = YES;
				CLANG_WARN_DIRECT_OBJC_ISA_USAGE = YES_ERROR;
				CLANG_WARN_DOCUMENTATION_COMMENTS = YES;
				CLANG_WARN_EMPTY_BODY = YES;
				CLANG_WARN_ENUM_CONVERSION = YES;
				CLANG_WARN_INFINITE_RECURSION = YES;
				CLANG_WARN_INT_CONVERSION = YES;
				CLANG_WARN_NON_LITERAL_NULL_CONVERSION = YES;
				CLANG_WARN_OBJC_IMPLICIT_RETAIN_SELF = YES;
				CLANG_WARN_OBJC_LITERAL_CONVERSION = YES;
				CLANG_WARN_OBJC_ROOT_CLASS = YES_ERROR;
				CLANG_WARN_RANGE_LOOP_ANALYSIS = YES;
				CLANG_WARN_STRICT_PROTOTYPES = YES;
				CLANG_WARN_SUSPICIOUS_MOVE = YES;
				CLANG_WARN_UNGUARDED_AVAILABILITY = YES_AGGRESSIVE;
				CLANG_WARN_UNREACHABLE_CODE = YES;
				CLANG_WARN__DUPLICATE_METHOD_MATCH = YES;
				CODE_SIGNING_ALLOWED = NO;
				CODE_SIGNING_REQUIRED = NO;
				COPY_PHASE_STRIP = NO;
				DEBUG_INFORMATION_FORMAT = dwarf;
				ENABLE_STRICT_OBJC_MSGSEND = YES;
				ENABLE_TESTABILITY = YES;
				GCC_C_LANGUAGE_STANDARD = gnu11;
				GCC_DYNAMIC_NO_PIC = NO;
				GCC_NO_COMMON_BLOCKS = YES;
				GCC_OPTIMIZATION_LEVEL = 0;
				GCC_PREPROCESSOR_DEFINITIONS = (
					"POD_CONFIGURATION_DEBUG=1",
					"DEBUG=1",
					"$(inherited)",
				);
				GCC_WARN_64_TO_32_BIT_CONVERSION = YES;
				GCC_WARN_ABOUT_RETURN_TYPE = YES_ERROR;
				GCC_WARN_UNDECLARED_SELECTOR = YES;
				GCC_WARN_UNINITIALIZED_AUTOS = YES_AGGRESSIVE;
				GCC_WARN_UNUSED_FUNCTION = YES;
				GCC_WARN_UNUSED_VARIABLE = YES;
				IPHONEOS_DEPLOYMENT_TARGET = 9.3;
				MTL_ENABLE_DEBUG_INFO = YES;
				ONLY_ACTIVE_ARCH = YES;
				PRODUCT_NAME = "$(TARGET_NAME)";
				STRIP_INSTALLED_PRODUCT = NO;
				SWIFT_ACTIVE_COMPILATION_CONDITIONS = DEBUG;
				SYMROOT = "${SRCROOT}/../build";
			};
			name = Debug;
		};
		8E3AA695154F1196E841039402E5C5E3 /* Release */ = {
			isa = XCBuildConfiguration;
			baseConfigurationReference = 9AC076A32BD7606E4D5EE9B65CD041B3 /* mmthombe2018.xcconfig */;
			buildSettings = {
				CODE_SIGN_IDENTITY = "";
				"CODE_SIGN_IDENTITY[sdk=appletvos*]" = "";
				"CODE_SIGN_IDENTITY[sdk=iphoneos*]" = "";
				"CODE_SIGN_IDENTITY[sdk=watchos*]" = "";
				CURRENT_PROJECT_VERSION = 1;
				DEFINES_MODULE = YES;
				DYLIB_COMPATIBILITY_VERSION = 1;
				DYLIB_CURRENT_VERSION = 1;
				DYLIB_INSTALL_NAME_BASE = "@rpath";
				GCC_PREFIX_HEADER = "Target Support Files/mmthombe2018/mmthombe2018-prefix.pch";
				INFOPLIST_FILE = "Target Support Files/mmthombe2018/Info.plist";
				INSTALL_PATH = "$(LOCAL_LIBRARY_DIR)/Frameworks";
				IPHONEOS_DEPLOYMENT_TARGET = 8.0;
				LD_RUNPATH_SEARCH_PATHS = "$(inherited) @executable_path/Frameworks @loader_path/Frameworks";
				MODULEMAP_FILE = "Target Support Files/mmthombe2018/mmthombe2018.modulemap";
				PRODUCT_MODULE_NAME = mmthombe2018;
				PRODUCT_NAME = mmthombe2018;
				SDKROOT = iphoneos;
				SKIP_INSTALL = YES;
				SWIFT_ACTIVE_COMPILATION_CONDITIONS = "$(inherited) ";
				SWIFT_OPTIMIZATION_LEVEL = "-Owholemodule";
				SWIFT_VERSION = 4.0;
				TARGETED_DEVICE_FAMILY = "1,2";
				VALIDATE_PRODUCT = YES;
				VERSIONING_SYSTEM = "apple-generic";
				VERSION_INFO_PREFIX = "";
			};
			name = Release;
		};
		B42B54097A876E8A982CBF5DAA91B1AB /* Release */ = {
			isa = XCBuildConfiguration;
			buildSettings = {
				ALWAYS_SEARCH_USER_PATHS = NO;
				CLANG_ANALYZER_NONNULL = YES;
				CLANG_ANALYZER_NUMBER_OBJECT_CONVERSION = YES_AGGRESSIVE;
				CLANG_CXX_LANGUAGE_STANDARD = "gnu++14";
				CLANG_CXX_LIBRARY = "libc++";
				CLANG_ENABLE_MODULES = YES;
				CLANG_ENABLE_OBJC_ARC = YES;
				CLANG_ENABLE_OBJC_WEAK = YES;
				CLANG_WARN_BLOCK_CAPTURE_AUTORELEASING = YES;
				CLANG_WARN_BOOL_CONVERSION = YES;
				CLANG_WARN_COMMA = YES;
				CLANG_WARN_CONSTANT_CONVERSION = YES;
				CLANG_WARN_DEPRECATED_OBJC_IMPLEMENTATIONS = YES;
				CLANG_WARN_DIRECT_OBJC_ISA_USAGE = YES_ERROR;
				CLANG_WARN_DOCUMENTATION_COMMENTS = YES;
				CLANG_WARN_EMPTY_BODY = YES;
				CLANG_WARN_ENUM_CONVERSION = YES;
				CLANG_WARN_INFINITE_RECURSION = YES;
				CLANG_WARN_INT_CONVERSION = YES;
				CLANG_WARN_NON_LITERAL_NULL_CONVERSION = YES;
				CLANG_WARN_OBJC_IMPLICIT_RETAIN_SELF = YES;
				CLANG_WARN_OBJC_LITERAL_CONVERSION = YES;
				CLANG_WARN_OBJC_ROOT_CLASS = YES_ERROR;
				CLANG_WARN_RANGE_LOOP_ANALYSIS = YES;
				CLANG_WARN_STRICT_PROTOTYPES = YES;
				CLANG_WARN_SUSPICIOUS_MOVE = YES;
				CLANG_WARN_UNGUARDED_AVAILABILITY = YES_AGGRESSIVE;
				CLANG_WARN_UNREACHABLE_CODE = YES;
				CLANG_WARN__DUPLICATE_METHOD_MATCH = YES;
				CODE_SIGNING_ALLOWED = NO;
				CODE_SIGNING_REQUIRED = NO;
				COPY_PHASE_STRIP = NO;
				DEBUG_INFORMATION_FORMAT = "dwarf-with-dsym";
				ENABLE_NS_ASSERTIONS = NO;
				ENABLE_STRICT_OBJC_MSGSEND = YES;
				GCC_C_LANGUAGE_STANDARD = gnu11;
				GCC_NO_COMMON_BLOCKS = YES;
				GCC_PREPROCESSOR_DEFINITIONS = (
					"POD_CONFIGURATION_RELEASE=1",
					"$(inherited)",
				);
				GCC_WARN_64_TO_32_BIT_CONVERSION = YES;
				GCC_WARN_ABOUT_RETURN_TYPE = YES_ERROR;
				GCC_WARN_UNDECLARED_SELECTOR = YES;
				GCC_WARN_UNINITIALIZED_AUTOS = YES_AGGRESSIVE;
				GCC_WARN_UNUSED_FUNCTION = YES;
				GCC_WARN_UNUSED_VARIABLE = YES;
				IPHONEOS_DEPLOYMENT_TARGET = 9.3;
				MTL_ENABLE_DEBUG_INFO = NO;
				PRODUCT_NAME = "$(TARGET_NAME)";
				STRIP_INSTALLED_PRODUCT = NO;
				SYMROOT = "${SRCROOT}/../build";
			};
			name = Release;
		};
		BD183F2DC92458F9CA2B3ED444542C25 /* Release */ = {
			isa = XCBuildConfiguration;
			baseConfigurationReference = 6BB255856809E352BB5032A476B5CCAA /* Pods-mmthombe2018_Example.release.xcconfig */;
			buildSettings = {
				ALWAYS_EMBED_SWIFT_STANDARD_LIBRARIES = NO;
				CODE_SIGN_IDENTITY = "";
				"CODE_SIGN_IDENTITY[sdk=appletvos*]" = "";
				"CODE_SIGN_IDENTITY[sdk=iphoneos*]" = "";
				"CODE_SIGN_IDENTITY[sdk=watchos*]" = "";
				CURRENT_PROJECT_VERSION = 1;
				DEFINES_MODULE = YES;
				DYLIB_COMPATIBILITY_VERSION = 1;
				DYLIB_CURRENT_VERSION = 1;
				DYLIB_INSTALL_NAME_BASE = "@rpath";
				INFOPLIST_FILE = "Target Support Files/Pods-mmthombe2018_Example/Info.plist";
				INSTALL_PATH = "$(LOCAL_LIBRARY_DIR)/Frameworks";
				IPHONEOS_DEPLOYMENT_TARGET = 9.3;
				LD_RUNPATH_SEARCH_PATHS = "$(inherited) @executable_path/Frameworks @loader_path/Frameworks";
				MACH_O_TYPE = staticlib;
				MODULEMAP_FILE = "Target Support Files/Pods-mmthombe2018_Example/Pods-mmthombe2018_Example.modulemap";
				OTHER_LDFLAGS = "";
				OTHER_LIBTOOLFLAGS = "";
				PODS_ROOT = "$(SRCROOT)";
				PRODUCT_BUNDLE_IDENTIFIER = "org.cocoapods.${PRODUCT_NAME:rfc1034identifier}";
				PRODUCT_NAME = "$(TARGET_NAME:c99extidentifier)";
				SDKROOT = iphoneos;
				SKIP_INSTALL = YES;
				SWIFT_OPTIMIZATION_LEVEL = "-Owholemodule";
				TARGETED_DEVICE_FAMILY = "1,2";
				VALIDATE_PRODUCT = YES;
				VERSIONING_SYSTEM = "apple-generic";
				VERSION_INFO_PREFIX = "";
			};
			name = Release;
		};
		E803C47F6F78C0DFB5CF3B57581F20BA /* Debug */ = {
			isa = XCBuildConfiguration;
			baseConfigurationReference = 30294EC5F0F8F69D2194615B4ABAFF22 /* Pods-mmthombe2018_Tests.debug.xcconfig */;
			buildSettings = {
				ALWAYS_EMBED_SWIFT_STANDARD_LIBRARIES = NO;
				CODE_SIGN_IDENTITY = "";
				"CODE_SIGN_IDENTITY[sdk=appletvos*]" = "";
				"CODE_SIGN_IDENTITY[sdk=iphoneos*]" = "";
				"CODE_SIGN_IDENTITY[sdk=watchos*]" = "";
				CURRENT_PROJECT_VERSION = 1;
				DEFINES_MODULE = YES;
				DYLIB_COMPATIBILITY_VERSION = 1;
				DYLIB_CURRENT_VERSION = 1;
				DYLIB_INSTALL_NAME_BASE = "@rpath";
				INFOPLIST_FILE = "Target Support Files/Pods-mmthombe2018_Tests/Info.plist";
				INSTALL_PATH = "$(LOCAL_LIBRARY_DIR)/Frameworks";
				IPHONEOS_DEPLOYMENT_TARGET = 9.3;
				LD_RUNPATH_SEARCH_PATHS = "$(inherited) @executable_path/Frameworks @loader_path/Frameworks";
				MACH_O_TYPE = staticlib;
				MODULEMAP_FILE = "Target Support Files/Pods-mmthombe2018_Tests/Pods-mmthombe2018_Tests.modulemap";
				OTHER_LDFLAGS = "";
				OTHER_LIBTOOLFLAGS = "";
				PODS_ROOT = "$(SRCROOT)";
				PRODUCT_BUNDLE_IDENTIFIER = "org.cocoapods.${PRODUCT_NAME:rfc1034identifier}";
				PRODUCT_NAME = "$(TARGET_NAME:c99extidentifier)";
				SDKROOT = iphoneos;
				SKIP_INSTALL = YES;
				SWIFT_ACTIVE_COMPILATION_CONDITIONS = DEBUG;
				SWIFT_OPTIMIZATION_LEVEL = "-Onone";
				TARGETED_DEVICE_FAMILY = "1,2";
				VERSIONING_SYSTEM = "apple-generic";
				VERSION_INFO_PREFIX = "";
			};
			name = Debug;
		};
		EC2B16E08A82FFFAA496F1301724367A /* Release */ = {
			isa = XCBuildConfiguration;
			baseConfigurationReference = 7B37D7C695D5C6C47A7C093595CD4F06 /* FBSnapshotTestCase.xcconfig */;
			buildSettings = {
				CODE_SIGN_IDENTITY = "";
				"CODE_SIGN_IDENTITY[sdk=appletvos*]" = "";
				"CODE_SIGN_IDENTITY[sdk=iphoneos*]" = "";
				"CODE_SIGN_IDENTITY[sdk=watchos*]" = "";
				CURRENT_PROJECT_VERSION = 1;
				DEFINES_MODULE = YES;
				DYLIB_COMPATIBILITY_VERSION = 1;
				DYLIB_CURRENT_VERSION = 1;
				DYLIB_INSTALL_NAME_BASE = "@rpath";
				GCC_PREFIX_HEADER = "Target Support Files/FBSnapshotTestCase/FBSnapshotTestCase-prefix.pch";
				INFOPLIST_FILE = "Target Support Files/FBSnapshotTestCase/Info.plist";
				INSTALL_PATH = "$(LOCAL_LIBRARY_DIR)/Frameworks";
				IPHONEOS_DEPLOYMENT_TARGET = 8.0;
				LD_RUNPATH_SEARCH_PATHS = "$(inherited) @executable_path/Frameworks @loader_path/Frameworks";
				MODULEMAP_FILE = "Target Support Files/FBSnapshotTestCase/FBSnapshotTestCase.modulemap";
				PRODUCT_MODULE_NAME = FBSnapshotTestCase;
				PRODUCT_NAME = FBSnapshotTestCase;
				SDKROOT = iphoneos;
				SKIP_INSTALL = YES;
				SWIFT_ACTIVE_COMPILATION_CONDITIONS = "$(inherited) ";
				SWIFT_OPTIMIZATION_LEVEL = "-Owholemodule";
				SWIFT_VERSION = 4.0;
				TARGETED_DEVICE_FAMILY = "1,2";
				VALIDATE_PRODUCT = YES;
				VERSIONING_SYSTEM = "apple-generic";
				VERSION_INFO_PREFIX = "";
			};
			name = Release;
		};
/* End XCBuildConfiguration section */

/* Begin XCConfigurationList section */
		27FAF6C26F29C13CC82CFA6405E10B72 /* Build configuration list for PBXNativeTarget "Pods-mmthombe2018_Tests" */ = {
			isa = XCConfigurationList;
			buildConfigurations = (
				E803C47F6F78C0DFB5CF3B57581F20BA /* Debug */,
				555B4DA59F40BF1B8837192292E024A5 /* Release */,
			);
			defaultConfigurationIsVisible = 0;
			defaultConfigurationName = Release;
		};
		2D8E8EC45A3A1A1D94AE762CB5028504 /* Build configuration list for PBXProject "Pods" */ = {
			isa = XCConfigurationList;
			buildConfigurations = (
				8B33C5230DE4A9DFA6D8F46505DD7AF7 /* Debug */,
				B42B54097A876E8A982CBF5DAA91B1AB /* Release */,
			);
			defaultConfigurationIsVisible = 0;
			defaultConfigurationName = Release;
		};
		B895AE951C5424690B6FFA6825F7E17C /* Build configuration list for PBXNativeTarget "Pods-mmthombe2018_Example" */ = {
			isa = XCConfigurationList;
			buildConfigurations = (
				7A56B70CB51C5542E62AD385E6289F1C /* Debug */,
				BD183F2DC92458F9CA2B3ED444542C25 /* Release */,
			);
			defaultConfigurationIsVisible = 0;
			defaultConfigurationName = Release;
		};
		EC5648F039480EE2C578E23FBAE5D429 /* Build configuration list for PBXNativeTarget "mmthombe2018" */ = {
			isa = XCConfigurationList;
			buildConfigurations = (
				0C1B86CB3A72AE5F6E82B3C7F7F2CF40 /* Debug */,
				8E3AA695154F1196E841039402E5C5E3 /* Release */,
			);
			defaultConfigurationIsVisible = 0;
			defaultConfigurationName = Release;
		};
		F28097D43AF5CD8DA838ABD52A053790 /* Build configuration list for PBXNativeTarget "FBSnapshotTestCase" */ = {
			isa = XCConfigurationList;
			buildConfigurations = (
				246CED37F175AF5E851C3839F63F9521 /* Debug */,
				EC2B16E08A82FFFAA496F1301724367A /* Release */,
			);
			defaultConfigurationIsVisible = 0;
			defaultConfigurationName = Release;
		};
/* End XCConfigurationList section */

/* Begin XCVersionGroup section */
		DA82892C2170E5AC00ACE919 /* article.xcdatamodeld */ = {
			isa = XCVersionGroup;
			children = (
				DA82892D2170E5AC00ACE919 /* article.xcdatamodel */,
			);
			currentVersion = DA82892D2170E5AC00ACE919 /* article.xcdatamodel */;
			path = article.xcdatamodeld;
			sourceTree = "<group>";
			versionGroupType = wrapper.xcdatamodel;
		};
/* End XCVersionGroup section */
	};
	rootObject = D41D8CD98F00B204E9800998ECF8427E /* Project object */;
}
