// !$*UTF8*$!
{
	archiveVersion = 1;
	classes = {
	};
	objectVersion = 50;
	objects = {

/* Begin PBXBuildFile section */
		DAB77712216DFD0600E3AD00 /* AppDelegate.swift in Sources */ = {isa = PBXBuildFile; fileRef = DAB77711216DFD0600E3AD00 /* AppDelegate.swift */; };
		DAB77714216DFD0600E3AD00 /* ViewController.swift in Sources */ = {isa = PBXBuildFile; fileRef = DAB77713216DFD0600E3AD00 /* ViewController.swift */; };
		DAB77717216DFD0600E3AD00 /* Main.storyboard in Resources */ = {isa = PBXBuildFile; fileRef = DAB77715216DFD0600E3AD00 /* Main.storyboard */; };
		DAB77719216DFD0C00E3AD00 /* Assets.xcassets in Resources */ = {isa = PBXBuildFile; fileRef = DAB77718216DFD0C00E3AD00 /* Assets.xcassets */; };
		DAB7771C216DFD0C00E3AD00 /* LaunchScreen.storyboard in Resources */ = {isa = PBXBuildFile; fileRef = DAB7771A216DFD0C00E3AD00 /* LaunchScreen.storyboard */; };
		DAB77724216E003600E3AD00 /* ShapeView.swift in Sources */ = {isa = PBXBuildFile; fileRef = DAB77723216E003600E3AD00 /* ShapeView.swift */; };
/* End PBXBuildFile section */

/* Begin PBXFileReference section */
		DAB7770E216DFD0500E3AD00 /* d06.app */ = {isa = PBXFileReference; explicitFileType = wrapper.application; includeInIndex = 0; path = d06.app; sourceTree = BUILT_PRODUCTS_DIR; };
		DAB77711216DFD0600E3AD00 /* AppDelegate.swift */ = {isa = PBXFileReference; lastKnownFileType = sourcecode.swift; path = AppDelegate.swift; sourceTree = "<group>"; };
		DAB77713216DFD0600E3AD00 /* ViewController.swift */ = {isa = PBXFileReference; lastKnownFileType = sourcecode.swift; path = ViewController.swift; sourceTree = "<group>"; };
		DAB77716216DFD0600E3AD00 /* Base */ = {isa = PBXFileReference; lastKnownFileType = file.storyboard; name = Base; path = Base.lproj/Main.storyboard; sourceTree = "<group>"; };
		DAB77718216DFD0C00E3AD00 /* Assets.xcassets */ = {isa = PBXFileReference; lastKnownFileType = folder.assetcatalog; path = Assets.xcassets; sourceTree = "<group>"; };
		DAB7771B216DFD0C00E3AD00 /* Base */ = {isa = PBXFileReference; lastKnownFileType = file.storyboard; name = Base; path = Base.lproj/LaunchScreen.storyboard; sourceTree = "<group>"; };
		DAB7771D216DFD0C00E3AD00 /* Info.plist */ = {isa = PBXFileReference; lastKnownFileType = text.plist.xml; path = Info.plist; sourceTree = "<group>"; };
		DAB77723216E003600E3AD00 /* ShapeView.swift */ = {isa = PBXFileReference; lastKnownFileType = sourcecode.swift; path = ShapeView.swift; sourceTree = "<group>"; };
/* End PBXFileReference section */

/* Begin PBXFrameworksBuildPhase section */
		DAB7770B216DFD0500E3AD00 /* Frameworks */ = {
			isa = PBXFrameworksBuildPhase;
			buildActionMask = 2147483647;
			files = (
			);
			runOnlyForDeploymentPostprocessing = 0;
		};
/* End PBXFrameworksBuildPhase section */

/* Begin PBXGroup section */
		DAB77705216DFD0500E3AD00 = {
			isa = PBXGroup;
			children = (
				DAB77710216DFD0500E3AD00 /* d06 */,
				DAB7770F216DFD0500E3AD00 /* Products */,
			);
			sourceTree = "<group>";
		};
		DAB7770F216DFD0500E3AD00 /* Products */ = {
			isa = PBXGroup;
			children = (
				DAB7770E216DFD0500E3AD00 /* d06.app */,
			);
			name = Products;
			sourceTree = "<group>";
		};
		DAB77710216DFD0500E3AD00 /* d06 */ = {
			isa = PBXGroup;
			children = (
				DAB77711216DFD0600E3AD00 /* AppDelegate.swift */,
				DAB77713216DFD0600E3AD00 /* ViewController.swift */,
				DAB77715216DFD0600E3AD00 /* Main.storyboard */,
				DAB77718216DFD0C00E3AD00 /* Assets.xcassets */,
				DAB7771A216DFD0C00E3AD00 /* LaunchScreen.storyboard */,
				DAB7771D216DFD0C00E3AD00 /* Info.plist */,
				DAB77723216E003600E3AD00 /* ShapeView.swift */,
			);
			path = d06;
			sourceTree = "<group>";
		};
/* End PBXGroup section */

/* Begin PBXNativeTarget section */
		DAB7770D216DFD0500E3AD00 /* d06 */ = {
			isa = PBXNativeTarget;
			buildConfigurationList = DAB77720216DFD0C00E3AD00 /* Build configuration list for PBXNativeTarget "d06" */;
			buildPhases = (
				DAB7770A216DFD0500E3AD00 /* Sources */,
				DAB7770B216DFD0500E3AD00 /* Frameworks */,
				DAB7770C216DFD0500E3AD00 /* Resources */,
			);
			buildRules = (
			);
			dependencies = (
			);
			name = d06;
			productName = d06;
			productReference = DAB7770E216DFD0500E3AD00 /* d06.app */;
			productType = "com.apple.product-type.application";
		};
/* End PBXNativeTarget section */

/* Begin PBXProject section */
		DAB77706216DFD0500E3AD00 /* Project object */ = {
			isa = PBXProject;
			attributes = {
				LastSwiftUpdateCheck = 0940;
				LastUpgradeCheck = 0940;
				ORGANIZATIONNAME = "Malebo MTHOMBENI";
				TargetAttributes = {
					DAB7770D216DFD0500E3AD00 = {
						CreatedOnToolsVersion = 9.4.1;
					};
				};
			};
			buildConfigurationList = DAB77709216DFD0500E3AD00 /* Build configuration list for PBXProject "d06" */;
			compatibilityVersion = "Xcode 9.3";
			developmentRegion = en;
			hasScannedForEncodings = 0;
			knownRegions = (
				en,
				Base,
			);
			mainGroup = DAB77705216DFD0500E3AD00;
			productRefGroup = DAB7770F216DFD0500E3AD00 /* Products */;
			projectDirPath = "";
			projectRoot = "";
			targets = (
				DAB7770D216DFD0500E3AD00 /* d06 */,
			);
		};
/* End PBXProject section */

/* Begin PBXResourcesBuildPhase section */
		DAB7770C216DFD0500E3AD00 /* Resources */ = {
			isa = PBXResourcesBuildPhase;
			buildActionMask = 2147483647;
			files = (
				DAB7771C216DFD0C00E3AD00 /* LaunchScreen.storyboard in Resources */,
				DAB77719216DFD0C00E3AD00 /* Assets.xcassets in Resources */,
				DAB77717216DFD0600E3AD00 /* Main.storyboard in Resources */,
			);
			runOnlyForDeploymentPostprocessing = 0;
		};
/* End PBXResourcesBuildPhase section */

/* Begin PBXSourcesBuildPhase section */
		DAB7770A216DFD0500E3AD00 /* Sources */ = {
			isa = PBXSourcesBuildPhase;
			buildActionMask = 2147483647;
			files = (
				DAB77724216E003600E3AD00 /* ShapeView.swift in Sources */,
				DAB77714216DFD0600E3AD00 /* ViewController.swift in Sources */,
				DAB77712216DFD0600E3AD00 /* AppDelegate.swift in Sources */,
			);
			runOnlyForDeploymentPostprocessing = 0;
		};
/* End PBXSourcesBuildPhase section */

/* Begin PBXVariantGroup section */
		DAB77715216DFD0600E3AD00 /* Main.storyboard */ = {
			isa = PBXVariantGroup;
			children = (
				DAB77716216DFD0600E3AD00 /* Base */,
			);
			name = Main.storyboard;
			sourceTree = "<group>";
		};
		DAB7771A216DFD0C00E3AD00 /* LaunchScreen.storyboard */ = {
			isa = PBXVariantGroup;
			children = (
				DAB7771B216DFD0C00E3AD00 /* Base */,
			);
			name = LaunchScreen.storyboard;
			sourceTree = "<group>";
		};
/* End PBXVariantGroup section */

/* Begin XCBuildConfiguration section */
		DAB7771E216DFD0C00E3AD00 /* Debug */ = {
			isa = XCBuildConfiguration;
			buildSettings = {
				ALWAYS_SEARCH_USER_PATHS = NO;
				CLANG_ANALYZER_NONNULL = YES;
				CLANG_ANALYZER_NUMBER_OBJECT_CONVERSION = YES_AGGRESSIVE;
				CLANG_CXX_LANGUAGE_STANDARD = "gnu++14";
				CLANG_CXX_LIBRARY = "libc++";
				CLANG_ENABLE_MODULES = YES;
				CLANG_ENABLE_OBJC_ARC = YES;
				CLANG_ENABLE_OBJC_WEAK = YES;
				CLANG_WARN_BLOCK_CAPTURE_AUTORELEASING = YES;
				CLANG_WARN_BOOL_CONVERSION = YES;
				CLANG_WARN_COMMA = YES;
				CLANG_WARN_CONSTANT_CONVERSION = YES;
				CLANG_WARN_DEPRECATED_OBJC_IMPLEMENTATIONS = YES;
				CLANG_WARN_DIRECT_OBJC_ISA_USAGE = YES_ERROR;
				CLANG_WARN_DOCUMENTATION_COMMENTS = YES;
				CLANG_WARN_EMPTY_BODY = YES;
				CLANG_WARN_ENUM_CONVERSION = YES;
				CLANG_WARN_INFINITE_RECURSION = YES;
				CLANG_WARN_INT_CONVERSION = YES;
				CLANG_WARN_NON_LITERAL_NULL_CONVERSION = YES;
				CLANG_WARN_OBJC_IMPLICIT_RETAIN_SELF = YES;
				CLANG_WARN_OBJC_LITERAL_CONVERSION = YES;
				CLANG_WARN_OBJC_ROOT_CLASS = YES_ERROR;
				CLANG_WARN_RANGE_LOOP_ANALYSIS = YES;
				CLANG_WARN_STRICT_PROTOTYPES = YES;
				CLANG_WARN_SUSPICIOUS_MOVE = YES;
				CLANG_WARN_UNGUARDED_AVAILABILITY = YES_AGGRESSIVE;
				CLANG_WARN_UNREACHABLE_CODE = YES;
				CLANG_WARN__DUPLICATE_METHOD_MATCH = YES;
				CODE_SIGN_IDENTITY = "iPhone Developer";
				COPY_PHASE_STRIP = NO;
				DEBUG_INFORMATION_FORMAT = dwarf;
				ENABLE_STRICT_OBJC_MSGSEND = YES;
				ENABLE_TESTABILITY = YES;
				GCC_C_LANGUAGE_STANDARD = gnu11;
				GCC_DYNAMIC_NO_PIC = NO;
				GCC_NO_COMMON_BLOCKS = YES;
				GCC_OPTIMIZATION_LEVEL = 0;
				GCC_PREPROCESSOR_DEFINITIONS = (
					"DEBUG=1",
					"$(inherited)",
				);
				GCC_WARN_64_TO_32_BIT_CONVERSION = YES;
				GCC_WARN_ABOUT_RETURN_TYPE = YES_ERROR;
				GCC_WARN_UNDECLARED_SELECTOR = YES;
				GCC_WARN_UNINITIALIZED_AUTOS = YES_AGGRESSIVE;
				GCC_WARN_UNUSED_FUNCTION = YES;
				GCC_WARN_UNUSED_VARIABLE = YES;
				IPHONEOS_DEPLOYMENT_TARGET = 11.4;
				MTL_ENABLE_DEBUG_INFO = YES;
				ONLY_ACTIVE_ARCH = YES;
				SDKROOT = iphoneos;
				SWIFT_ACTIVE_COMPILATION_CONDITIONS = DEBUG;
				SWIFT_OPTIMIZATION_LEVEL = "-Onone";
			};
			name = Debug;
		};
		DAB7771F216DFD0C00E3AD00 /* Release */ = {
			isa = XCBuildConfiguration;
			buildSettings = {
				ALWAYS_SEARCH_USER_PATHS = NO;
				CLANG_ANALYZER_NONNULL = YES;
				CLANG_ANALYZER_NUMBER_OBJECT_CONVERSION = YES_AGGRESSIVE;
				CLANG_CXX_LANGUAGE_STANDARD = "gnu++14";
				CLANG_CXX_LIBRARY = "libc++";
				CLANG_ENABLE_MODULES = YES;
				CLANG_ENABLE_OBJC_ARC = YES;
				CLANG_ENABLE_OBJC_WEAK = YES;
				CLANG_WARN_BLOCK_CAPTURE_AUTORELEASING = YES;
				CLANG_WARN_BOOL_CONVERSION = YES;
				CLANG_WARN_COMMA = YES;
				CLANG_WARN_CONSTANT_CONVERSION = YES;
				CLANG_WARN_DEPRECATED_OBJC_IMPLEMENTATIONS = YES;
				CLANG_WARN_DIRECT_OBJC_ISA_USAGE = YES_ERROR;
				CLANG_WARN_DOCUMENTATION_COMMENTS = YES;
				CLANG_WARN_EMPTY_BODY = YES;
				CLANG_WARN_ENUM_CONVERSION = YES;
				CLANG_WARN_INFINITE_RECURSION = YES;
				CLANG_WARN_INT_CONVERSION = YES;
				CLANG_WARN_NON_LITERAL_NULL_CONVERSION = YES;
				CLANG_WARN_OBJC_IMPLICIT_RETAIN_SELF = YES;
				CLANG_WARN_OBJC_LITERAL_CONVERSION = YES;
				CLANG_WARN_OBJC_ROOT_CLASS = YES_ERROR;
				CLANG_WARN_RANGE_LOOP_ANALYSIS = YES;
				CLANG_WARN_STRICT_PROTOTYPES = YES;
				CLANG_WARN_SUSPICIOUS_MOVE = YES;
				CLANG_WARN_UNGUARDED_AVAILABILITY = YES_AGGRESSIVE;
				CLANG_WARN_UNREACHABLE_CODE = YES;
				CLANG_WARN__DUPLICATE_METHOD_MATCH = YES;
				CODE_SIGN_IDENTITY = "iPhone Developer";
				COPY_PHASE_STRIP = NO;
				DEBUG_INFORMATION_FORMAT = "dwarf-with-dsym";
				ENABLE_NS_ASSERTIONS = NO;
				ENABLE_STRICT_OBJC_MSGSEND = YES;
				GCC_C_LANGUAGE_STANDARD = gnu11;
				GCC_NO_COMMON_BLOCKS = YES;
				GCC_WARN_64_TO_32_BIT_CONVERSION = YES;
				GCC_WARN_ABOUT_RETURN_TYPE = YES_ERROR;
				GCC_WARN_UNDECLARED_SELECTOR = YES;
				GCC_WARN_UNINITIALIZED_AUTOS = YES_AGGRESSIVE;
				GCC_WARN_UNUSED_FUNCTION = YES;
				GCC_WARN_UNUSED_VARIABLE = YES;
				IPHONEOS_DEPLOYMENT_TARGET = 11.4;
				MTL_ENABLE_DEBUG_INFO = NO;
				SDKROOT = iphoneos;
				SWIFT_COMPILATION_MODE = wholemodule;
				SWIFT_OPTIMIZATION_LEVEL = "-O";
				VALIDATE_PRODUCT = YES;
			};
			name = Release;
		};
		DAB77721216DFD0C00E3AD00 /* Debug */ = {
			isa = XCBuildConfiguration;
			buildSettings = {
				ASSETCATALOG_COMPILER_APPICON_NAME = AppIcon;
				CODE_SIGN_STYLE = Automatic;
				INFOPLIST_FILE = d06/Info.plist;
				LD_RUNPATH_SEARCH_PATHS = (
					"$(inherited)",
					"@executable_path/Frameworks",
				);
				PRODUCT_BUNDLE_IDENTIFIER = mmthombe.d06;
				PRODUCT_NAME = "$(TARGET_NAME)";
				SWIFT_VERSION = 4.0;
				TARGETED_DEVICE_FAMILY = "1,2";
			};
			name = Debug;
		};
		DAB77722216DFD0C00E3AD00 /* Release */ = {
			isa = XCBuildConfiguration;
			buildSettings = {
				ASSETCATALOG_COMPILER_APPICON_NAME = AppIcon;
				CODE_SIGN_STYLE = Automatic;
				INFOPLIST_FILE = d06/Info.plist;
				LD_RUNPATH_SEARCH_PATHS = (
					"$(inherited)",
					"@executable_path/Frameworks",
				);
				PRODUCT_BUNDLE_IDENTIFIER = mmthombe.d06;
				PRODUCT_NAME = "$(TARGET_NAME)";
				SWIFT_VERSION = 4.0;
				TARGETED_DEVICE_FAMILY = "1,2";
			};
			name = Release;
		};
/* End XCBuildConfiguration section */

/* Begin XCConfigurationList section */
		DAB77709216DFD0500E3AD00 /* Build configuration list for PBXProject "d06" */ = {
			isa = XCConfigurationList;
			buildConfigurations = (
				DAB7771E216DFD0C00E3AD00 /* Debug */,
				DAB7771F216DFD0C00E3AD00 /* Release */,
			);
			defaultConfigurationIsVisible = 0;
			defaultConfigurationName = Release;
		};
		DAB77720216DFD0C00E3AD00 /* Build configuration list for PBXNativeTarget "d06" */ = {
			isa = XCConfigurationList;
			buildConfigurations = (
				DAB77721216DFD0C00E3AD00 /* Debug */,
				DAB77722216DFD0C00E3AD00 /* Release */,
			);
			defaultConfigurationIsVisible = 0;
			defaultConfigurationName = Release;
		};
/* End XCConfigurationList section */
	};
	rootObject = DAB77706216DFD0500E3AD00 /* Project object */;
}
